// !$*UTF8*$!
{
	archiveVersion = 1;
	classes = {
	};
	objectVersion = 77;
	objects = {

/* Begin PBXBuildFile section */
		07C3B599633ACE2585097426 /* PipelineAnimationView.swift in Sources */ = {isa = PBXBuildFile; fileRef = C9A1FA938F754D60DA1C6977 /* PipelineAnimationView.swift */; };
		148B28C29D1E8959146BA408 /* CallFlowView.swift in Sources */ = {isa = PBXBuildFile; fileRef = 45A3D98CB56E8424B582F6D6 /* CallFlowView.swift */; };
		1F8853EE068389BA9319203C /* ScreeningView.swift in Sources */ = {isa = PBXBuildFile; fileRef = 3600597AD9DBDF5C5BA351D1 /* ScreeningView.swift */; };
		212DBC2AEBC2B15CA0CAC1A8 /* Theme.swift in Sources */ = {isa = PBXBuildFile; fileRef = ADA6BC29A0B8CE789C4BAA1A /* Theme.swift */; };
		2DDE49B2B63390CE857A1027 /* Assets.xcassets in Resources */ = {isa = PBXBuildFile; fileRef = D6D7466D712B34AB0B3F0CDA /* Assets.xcassets */; };
		31B51657ACB9624611085066 /* GaugeView.swift in Sources */ = {isa = PBXBuildFile; fileRef = EA842C1DB4D784DCB79E7382 /* GaugeView.swift */; };
		4966B2689F506E62451EFE69 /* Models.swift in Sources */ = {isa = PBXBuildFile; fileRef = 745EF563EC1C19AEE5EE1F90 /* Models.swift */; };
		54E7C2A04CBD9689D3EECAA3 /* SettingsView.swift in Sources */ = {isa = PBXBuildFile; fileRef = E7DFD220586F6F359E1FF8EE /* SettingsView.swift */; };
		565E23426A8F5446D6C562AA /* IncomingCallView.swift in Sources */ = {isa = PBXBuildFile; fileRef = 880F5F8186B013C8FE848469 /* IncomingCallView.swift */; };
		8CFD61804E7808A875CCB003 /* SplashView.swift in Sources */ = {isa = PBXBuildFile; fileRef = 98C46173643F45608DE3DE53 /* SplashView.swift */; };
		93D8172C62F9E16B37A6B7E5 /* APIClient.swift in Sources */ = {isa = PBXBuildFile; fileRef = 41FAD8BE9EB8CF8B7002914D /* APIClient.swift */; };
		CB9152B489D94E6F93392FD5 /* ConfettiView.swift in Sources */ = {isa = PBXBuildFile; fileRef = C55C21AC4B4784BCDFBEBEE5 /* ConfettiView.swift */; };
		D0F7ED8E47F84AD7E9B7090A /* CallMonitor.swift in Sources */ = {isa = PBXBuildFile; fileRef = 42A1980E7C3ADB23EC44DAEE /* CallMonitor.swift */; };
		DD0E0E724C9C854B369EC17C /* ACSAApp.swift in Sources */ = {isa = PBXBuildFile; fileRef = B1ECB71A8DB5964EC832C7D9 /* ACSAApp.swift */; };
/* End PBXBuildFile section */

/* Begin PBXFileReference section */
		041230AC5A9F404D96C61F03 /* Info.plist */ = {isa = PBXFileReference; lastKnownFileType = text.plist; path = Info.plist; sourceTree = "<group>"; };
		0FC636D899DACD9E2E66AC5A /* ACSA.app */ = {isa = PBXFileReference; includeInIndex = 0; lastKnownFileType = wrapper.application; path = ACSA.app; sourceTree = BUILT_PRODUCTS_DIR; };
		3600597AD9DBDF5C5BA351D1 /* ScreeningView.swift */ = {isa = PBXFileReference; lastKnownFileType = sourcecode.swift; path = ScreeningView.swift; sourceTree = "<group>"; };
		41FAD8BE9EB8CF8B7002914D /* APIClient.swift */ = {isa = PBXFileReference; lastKnownFileType = sourcecode.swift; path = APIClient.swift; sourceTree = "<group>"; };
		42A1980E7C3ADB23EC44DAEE /* CallMonitor.swift */ = {isa = PBXFileReference; lastKnownFileType = sourcecode.swift; path = CallMonitor.swift; sourceTree = "<group>"; };
		45A3D98CB56E8424B582F6D6 /* CallFlowView.swift */ = {isa = PBXFileReference; lastKnownFileType = sourcecode.swift; path = CallFlowView.swift; sourceTree = "<group>"; };
		745EF563EC1C19AEE5EE1F90 /* Models.swift */ = {isa = PBXFileReference; lastKnownFileType = sourcecode.swift; path = Models.swift; sourceTree = "<group>"; };
		880F5F8186B013C8FE848469 /* IncomingCallView.swift */ = {isa = PBXFileReference; lastKnownFileType = sourcecode.swift; path = IncomingCallView.swift; sourceTree = "<group>"; };
		98C46173643F45608DE3DE53 /* SplashView.swift */ = {isa = PBXFileReference; lastKnownFileType = sourcecode.swift; path = SplashView.swift; sourceTree = "<group>"; };
		ADA6BC29A0B8CE789C4BAA1A /* Theme.swift */ = {isa = PBXFileReference; lastKnownFileType = sourcecode.swift; path = Theme.swift; sourceTree = "<group>"; };
		B1ECB71A8DB5964EC832C7D9 /* ACSAApp.swift */ = {isa = PBXFileReference; lastKnownFileType = sourcecode.swift; path = ACSAApp.swift; sourceTree = "<group>"; };
		C55C21AC4B4784BCDFBEBEE5 /* ConfettiView.swift */ = {isa = PBXFileReference; lastKnownFileType = sourcecode.swift; path = ConfettiView.swift; sourceTree = "<group>"; };
		C9A1FA938F754D60DA1C6977 /* PipelineAnimationView.swift */ = {isa = PBXFileReference; lastKnownFileType = sourcecode.swift; path = PipelineAnimationView.swift; sourceTree = "<group>"; };
		D6D7466D712B34AB0B3F0CDA /* Assets.xcassets */ = {isa = PBXFileReference; lastKnownFileType = folder.assetcatalog; path = Assets.xcassets; sourceTree = "<group>"; };
		E7DFD220586F6F359E1FF8EE /* SettingsView.swift */ = {isa = PBXFileReference; lastKnownFileType = sourcecode.swift; path = SettingsView.swift; sourceTree = "<group>"; };
		EA842C1DB4D784DCB79E7382 /* GaugeView.swift */ = {isa = PBXFileReference; lastKnownFileType = sourcecode.swift; path = GaugeView.swift; sourceTree = "<group>"; };
/* End PBXFileReference section */

/* Begin PBXGroup section */
		4FB9F6F144DE77794DECEBF5 = {
			isa = PBXGroup;
			children = (
				7EE9428C42BD50F0993FA6EA /* ACSA */,
				F32A0B75C22092558909B2FB /* Products */,
			);
			sourceTree = "<group>";
		};
		7EE9428C42BD50F0993FA6EA /* ACSA */ = {
			isa = PBXGroup;
			children = (
				B1ECB71A8DB5964EC832C7D9 /* ACSAApp.swift */,
				41FAD8BE9EB8CF8B7002914D /* APIClient.swift */,
				D6D7466D712B34AB0B3F0CDA /* Assets.xcassets */,
				45A3D98CB56E8424B582F6D6 /* CallFlowView.swift */,
				42A1980E7C3ADB23EC44DAEE /* CallMonitor.swift */,
				C55C21AC4B4784BCDFBEBEE5 /* ConfettiView.swift */,
				EA842C1DB4D784DCB79E7382 /* GaugeView.swift */,
				880F5F8186B013C8FE848469 /* IncomingCallView.swift */,
				041230AC5A9F404D96C61F03 /* Info.plist */,
				745EF563EC1C19AEE5EE1F90 /* Models.swift */,
				C9A1FA938F754D60DA1C6977 /* PipelineAnimationView.swift */,
				3600597AD9DBDF5C5BA351D1 /* ScreeningView.swift */,
				E7DFD220586F6F359E1FF8EE /* SettingsView.swift */,
				98C46173643F45608DE3DE53 /* SplashView.swift */,
				ADA6BC29A0B8CE789C4BAA1A /* Theme.swift */,
			);
			path = ACSA;
			sourceTree = "<group>";
		};
		F32A0B75C22092558909B2FB /* Products */ = {
			isa = PBXGroup;
			children = (
				0FC636D899DACD9E2E66AC5A /* ACSA.app */,
			);
			name = Products;
			sourceTree = "<group>";
		};
/* End PBXGroup section */

/* Begin PBXNativeTarget section */
		C55D5EC6E804B1B18EBBD1C6 /* ACSA */ = {
			isa = PBXNativeTarget;
			buildConfigurationList = AE90098D4C5D65A220DD9F10 /* Build configuration list for PBXNativeTarget "ACSA" */;
			buildPhases = (
				0543911767DE24C20D719143 /* Sources */,
				94A59E73F14873B1F29E83EF /* Resources */,
			);
			buildRules = (
			);
			dependencies = (
			);
			name = ACSA;
			packageProductDependencies = (
			);
			productName = ACSA;
			productReference = 0FC636D899DACD9E2E66AC5A /* ACSA.app */;
			productType = "com.apple.product-type.application";
		};
/* End PBXNativeTarget section */

/* Begin PBXProject section */
		96CFF6DF3444A2BF07FEAA23 /* Project object */ = {
			isa = PBXProject;
			attributes = {
				BuildIndependentTargetsInParallel = YES;
				LastUpgradeCheck = 1430;
				TargetAttributes = {
					C55D5EC6E804B1B18EBBD1C6 = {
						DevelopmentTeam = YTNN8CM8ZD;
						ProvisioningStyle = Automatic;
					};
				};
			};
			buildConfigurationList = 16B4FA11E5F8BF10DC46C954 /* Build configuration list for PBXProject "ACSA" */;
			developmentRegion = en;
			hasScannedForEncodings = 0;
			knownRegions = (
				Base,
				en,
			);
			mainGroup = 4FB9F6F144DE77794DECEBF5;
			minimizedProjectReferenceProxies = 1;
			preferredProjectObjectVersion = 77;
			productRefGroup = F32A0B75C22092558909B2FB /* Products */;
			projectDirPath = "";
			projectRoot = "";
			targets = (
				C55D5EC6E804B1B18EBBD1C6 /* ACSA */,
			);
		};
/* End PBXProject section */

/* Begin PBXResourcesBuildPhase section */
		94A59E73F14873B1F29E83EF /* Resources */ = {
			isa = PBXResourcesBuildPhase;
			buildActionMask = 2147483647;
			files = (
				2DDE49B2B63390CE857A1027 /* Assets.xcassets in Resources */,
			);
			runOnlyForDeploymentPostprocessing = 0;
		};
/* End PBXResourcesBuildPhase section */

/* Begin PBXSourcesBuildPhase section */
		0543911767DE24C20D719143 /* Sources */ = {
			isa = PBXSourcesBuildPhase;
			buildActionMask = 2147483647;
			files = (
				DD0E0E724C9C854B369EC17C /* ACSAApp.swift in Sources */,
				93D8172C62F9E16B37A6B7E5 /* APIClient.swift in Sources */,
				148B28C29D1E8959146BA408 /* CallFlowView.swift in Sources */,
				D0F7ED8E47F84AD7E9B7090A /* CallMonitor.swift in Sources */,
				CB9152B489D94E6F93392FD5 /* ConfettiView.swift in Sources */,
				31B51657ACB9624611085066 /* GaugeView.swift in Sources */,
				565E23426A8F5446D6C562AA /* IncomingCallView.swift in Sources */,
				4966B2689F506E62451EFE69 /* Models.swift in Sources */,
				07C3B599633ACE2585097426 /* PipelineAnimationView.swift in Sources */,
				1F8853EE068389BA9319203C /* ScreeningView.swift in Sources */,
				54E7C2A04CBD9689D3EECAA3 /* SettingsView.swift in Sources */,
				8CFD61804E7808A875CCB003 /* SplashView.swift in Sources */,
				212DBC2AEBC2B15CA0CAC1A8 /* Theme.swift in Sources */,
			);
			runOnlyForDeploymentPostprocessing = 0;
		};
/* End PBXSourcesBuildPhase section */

/* Begin XCBuildConfiguration section */
		4363A81AF5E198BAB4ED298A /* Debug */ = {
			isa = XCBuildConfiguration;
			buildSettings = {
				ALWAYS_SEARCH_USER_PATHS = NO;
				CLANG_ANALYZER_NONNULL = YES;
				CLANG_ANALYZER_NUMBER_OBJECT_CONVERSION = YES_AGGRESSIVE;
				CLANG_CXX_LANGUAGE_STANDARD = "gnu++14";
				CLANG_CXX_LIBRARY = "libc++";
				CLANG_ENABLE_MODULES = YES;
				CLANG_ENABLE_OBJC_ARC = YES;
				CLANG_ENABLE_OBJC_WEAK = YES;
				CLANG_WARN_BLOCK_CAPTURE_AUTORELEASING = YES;
				CLANG_WARN_BOOL_CONVERSION = YES;
				CLANG_WARN_COMMA = YES;
				CLANG_WARN_CONSTANT_CONVERSION = YES;
				CLANG_WARN_DEPRECATED_OBJC_IMPLEMENTATIONS = YES;
				CLANG_WARN_DIRECT_OBJC_ISA_USAGE = YES_ERROR;
				CLANG_WARN_DOCUMENTATION_COMMENTS = YES;
				CLANG_WARN_EMPTY_BODY = YES;
				CLANG_WARN_ENUM_CONVERSION = YES;
				CLANG_WARN_INFINITE_RECURSION = YES;
				CLANG_WARN_INT_CONVERSION = YES;
				CLANG_WARN_NON_LITERAL_NULL_CONVERSION = YES;
				CLANG_WARN_OBJC_IMPLICIT_RETAIN_SELF = YES;
				CLANG_WARN_OBJC_LITERAL_CONVERSION = YES;
				CLANG_WARN_OBJC_ROOT_CLASS = YES_ERROR;
				CLANG_WARN_QUOTED_INCLUDE_IN_FRAMEWORK_HEADER = YES;
				CLANG_WARN_RANGE_LOOP_ANALYSIS = YES;
				CLANG_WARN_STRICT_PROTOTYPES = YES;
				CLANG_WARN_SUSPICIOUS_MOVE = YES;
				CLANG_WARN_UNGUARDED_AVAILABILITY = YES_AGGRESSIVE;
				CLANG_WARN_UNREACHABLE_CODE = YES;
				CLANG_WARN__DUPLICATE_METHOD_MATCH = YES;
				CODE_SIGN_STYLE = Automatic;
				COPY_PHASE_STRIP = NO;
				DEBUG_INFORMATION_FORMAT = dwarf;
				DEVELOPMENT_TEAM = YTNN8CM8ZD;
				ENABLE_STRICT_OBJC_MSGSEND = YES;
				ENABLE_TESTABILITY = YES;
				GCC_C_LANGUAGE_STANDARD = gnu11;
				GCC_DYNAMIC_NO_PIC = NO;
				GCC_NO_COMMON_BLOCKS = YES;
				GCC_OPTIMIZATION_LEVEL = 0;
				GCC_PREPROCESSOR_DEFINITIONS = (
					"$(inherited)",
					"DEBUG=1",
				);
				GCC_WARN_64_TO_32_BIT_CONVERSION = YES;
				GCC_WARN_ABOUT_RETURN_TYPE = YES_ERROR;
				GCC_WARN_UNDECLARED_SELECTOR = YES;
				GCC_WARN_UNINITIALIZED_AUTOS = YES_AGGRESSIVE;
				GCC_WARN_UNUSED_FUNCTION = YES;
				GCC_WARN_UNUSED_VARIABLE = YES;
				IPHONEOS_DEPLOYMENT_TARGET = 17.0;
				MTL_ENABLE_DEBUG_INFO = INCLUDE_SOURCE;
				MTL_FAST_MATH = YES;
				ONLY_ACTIVE_ARCH = YES;
				PRODUCT_BUNDLE_IDENTIFIER = com.acsa.callshield;
				PRODUCT_NAME = "$(TARGET_NAME)";
				SDKROOT = iphoneos;
				SWIFT_ACTIVE_COMPILATION_CONDITIONS = DEBUG;
				SWIFT_OPTIMIZATION_LEVEL = "-Onone";
				SWIFT_VERSION = 5.0;
			};
			name = Debug;
		};
		443D6729E7A8885D56A3423C /* Release */ = {
			isa = XCBuildConfiguration;
			buildSettings = {
				ALWAYS_SEARCH_USER_PATHS = NO;
				CLANG_ANALYZER_NONNULL = YES;
				CLANG_ANALYZER_NUMBER_OBJECT_CONVERSION = YES_AGGRESSIVE;
				CLANG_CXX_LANGUAGE_STANDARD = "gnu++14";
				CLANG_CXX_LIBRARY = "libc++";
				CLANG_ENABLE_MODULES = YES;
				CLANG_ENABLE_OBJC_ARC = YES;
				CLANG_ENABLE_OBJC_WEAK = YES;
				CLANG_WARN_BLOCK_CAPTURE_AUTORELEASING = YES;
				CLANG_WARN_BOOL_CONVERSION = YES;
				CLANG_WARN_COMMA = YES;
				CLANG_WARN_CONSTANT_CONVERSION = YES;
				CLANG_WARN_DEPRECATED_OBJC_IMPLEMENTATIONS = YES;
				CLANG_WARN_DIRECT_OBJC_ISA_USAGE = YES_ERROR;
				CLANG_WARN_DOCUMENTATION_COMMENTS = YES;
				CLANG_WARN_EMPTY_BODY = YES;
				CLANG_WARN_ENUM_CONVERSION = YES;
				CLANG_WARN_INFINITE_RECURSION = YES;
				CLANG_WARN_INT_CONVERSION = YES;
				CLANG_WARN_NON_LITERAL_NULL_CONVERSION = YES;
				CLANG_WARN_OBJC_IMPLICIT_RETAIN_SELF = YES;
				CLANG_WARN_OBJC_LITERAL_CONVERSION = YES;
				CLANG_WARN_OBJC_ROOT_CLASS = YES_ERROR;
				CLANG_WARN_QUOTED_INCLUDE_IN_FRAMEWORK_HEADER = YES;
				CLANG_WARN_RANGE_LOOP_ANALYSIS = YES;
				CLANG_WARN_STRICT_PROTOTYPES = YES;
				CLANG_WARN_SUSPICIOUS_MOVE = YES;
				CLANG_WARN_UNGUARDED_AVAILABILITY = YES_AGGRESSIVE;
				CLANG_WARN_UNREACHABLE_CODE = YES;
				CLANG_WARN__DUPLICATE_METHOD_MATCH = YES;
				CODE_SIGN_STYLE = Automatic;
				COPY_PHASE_STRIP = NO;
				DEBUG_INFORMATION_FORMAT = "dwarf-with-dsym";
				DEVELOPMENT_TEAM = YTNN8CM8ZD;
				ENABLE_NS_ASSERTIONS = NO;
				ENABLE_STRICT_OBJC_MSGSEND = YES;
				GCC_C_LANGUAGE_STANDARD = gnu11;
				GCC_NO_COMMON_BLOCKS = YES;
				GCC_WARN_64_TO_32_BIT_CONVERSION = YES;
				GCC_WARN_ABOUT_RETURN_TYPE = YES_ERROR;
				GCC_WARN_UNDECLARED_SELECTOR = YES;
				GCC_WARN_UNINITIALIZED_AUTOS = YES_AGGRESSIVE;
				GCC_WARN_UNUSED_FUNCTION = YES;
				GCC_WARN_UNUSED_VARIABLE = YES;
				IPHONEOS_DEPLOYMENT_TARGET = 17.0;
				MTL_ENABLE_DEBUG_INFO = NO;
				MTL_FAST_MATH = YES;
				PRODUCT_BUNDLE_IDENTIFIER = com.acsa.callshield;
				PRODUCT_NAME = "$(TARGET_NAME)";
				SDKROOT = iphoneos;
				SWIFT_COMPILATION_MODE = wholemodule;
				SWIFT_OPTIMIZATION_LEVEL = "-O";
				SWIFT_VERSION = 5.0;
			};
			name = Release;
		};
		A489A1E1FE0CBC839D18CB04 /* Release */ = {
			isa = XCBuildConfiguration;
			buildSettings = {
				ASSETCATALOG_COMPILER_APPICON_NAME = AppIcon;
				CODE_SIGN_IDENTITY = "iPhone Developer";
				INFOPLIST_FILE = ACSA/Info.plist;
				LD_RUNPATH_SEARCH_PATHS = (
					"$(inherited)",
					"@executable_path/Frameworks",
				);
				SDKROOT = iphoneos;
				TARGETED_DEVICE_FAMILY = "1,2";
			};
			name = Release;
		};
		E8E43BBC44D59EA5C3A415AE /* Debug */ = {
			isa = XCBuildConfiguration;
			buildSettings = {
				ASSETCATALOG_COMPILER_APPICON_NAME = AppIcon;
				CODE_SIGN_IDENTITY = "iPhone Developer";
				INFOPLIST_FILE = ACSA/Info.plist;
				LD_RUNPATH_SEARCH_PATHS = (
					"$(inherited)",
					"@executable_path/Frameworks",
				);
				SDKROOT = iphoneos;
				TARGETED_DEVICE_FAMILY = "1,2";
			};
			name = Debug;
		};
/* End XCBuildConfiguration section */

/* Begin XCConfigurationList section */
		16B4FA11E5F8BF10DC46C954 /* Build configuration list for PBXProject "ACSA" */ = {
			isa = XCConfigurationList;
			buildConfigurations = (
				4363A81AF5E198BAB4ED298A /* Debug */,
				443D6729E7A8885D56A3423C /* Release */,
			);
			defaultConfigurationIsVisible = 0;
			defaultConfigurationName = Debug;
		};
		AE90098D4C5D65A220DD9F10 /* Build configuration list for PBXNativeTarget "ACSA" */ = {
			isa = XCConfigurationList;
			buildConfigurations = (
				E8E43BBC44D59EA5C3A415AE /* Debug */,
				A489A1E1FE0CBC839D18CB04 /* Release */,
			);
			defaultConfigurationIsVisible = 0;
			defaultConfigurationName = Debug;
		};
/* End XCConfigurationList section */
	};
	rootObject = 96CFF6DF3444A2BF07FEAA23 /* Project object */;
}
